
Microsoft Visual Studio Solution File, Format Version 12.00
# Visual Studio 15
VisualStudioVersion = 15.0.28010.2041
MinimumVisualStudioVersion = 10.0.40219.1
Project("{FAE04EC0-301F-11D3-BF4B-00C04F79EFBC}") = "RippleYes.Android", "RippleYes\RippleYes.Android\RippleYes.Android.csproj", "{D5F995EF-F3F5-479C-BE0D-AEFE75248423}"
EndProject
Project("{FAE04EC0-301F-11D3-BF4B-00C04F79EFBC}") = "RippleYes.iOS", "RippleYes\RippleYes.iOS\RippleYes.iOS.csproj", "{00493133-1386-4876-AB71-C85626440B7D}"
EndProject
Project("{FAE04EC0-301F-11D3-BF4B-00C04F79EFBC}") = "RippleYes.UWP", "RippleYes\RippleYes.UWP\RippleYes.UWP.csproj", "{286C268E-6672-4858-8AC8-C2CC13CED58B}"
EndProject
Project("{9A19103F-16F7-4668-BE54-9A1E7A4F7556}") = "RippleYes", "RippleYes\RippleYes\RippleYes.csproj", "{5FB1124F-D559-4455-8E25-6C484D44BB64}"
EndProject
Project("{9A19103F-16F7-4668-BE54-9A1E7A4F7556}") = "IRepository", "IRepository\IRepository.csproj", "{240B4C14-43CC-4D6E-8A93-184C1997084F}"
EndProject
Project("{9A19103F-16F7-4668-BE54-9A1E7A4F7556}") = "SQLiteRepository", "SQLiteRepository\SQLiteRepository.csproj", "{6DBD94D4-32CB-459B-8F5C-74B46C48DDCE}"
EndProject
Project("{9A19103F-16F7-4668-BE54-9A1E7A4F7556}") = "NinjectMaster", "NinjectMaster\NinjectMaster.csproj", "{8F8AB894-66BE-47BC-BD30-76C9C7D2A1BD}"
EndProject
Project("{2150E333-8FDC-42A3-9474-1A3956D46DE8}") = "Core", "Core", "{79839498-6EF2-4316-B541-5FB62EB5AF00}"
EndProject
Project("{FAE04EC0-301F-11D3-BF4B-00C04F79EFBC}") = "IBusinessLogic", "IBusinessLogic\IBusinessLogic.csproj", "{146BED19-64D9-408E-92EF-37FDBB6CBE47}"
EndProject
Project("{FAE04EC0-301F-11D3-BF4B-00C04F79EFBC}") = "BusinessLogic", "BusinessLogic\BusinessLogic.csproj", "{9429492F-4303-4144-88B8-E58E6336F4B1}"
EndProject
Global
	GlobalSection(SolutionConfigurationPlatforms) = preSolution
		Ad-Hoc|Any CPU = Ad-Hoc|Any CPU
		Ad-Hoc|ARM = Ad-Hoc|ARM
		Ad-Hoc|iPhone = Ad-Hoc|iPhone
		Ad-Hoc|iPhoneSimulator = Ad-Hoc|iPhoneSimulator
		Ad-Hoc|x64 = Ad-Hoc|x64
		Ad-Hoc|x86 = Ad-Hoc|x86
		AppStore|Any CPU = AppStore|Any CPU
		AppStore|ARM = AppStore|ARM
		AppStore|iPhone = AppStore|iPhone
		AppStore|iPhoneSimulator = AppStore|iPhoneSimulator
		AppStore|x64 = AppStore|x64
		AppStore|x86 = AppStore|x86
		Debug|Any CPU = Debug|Any CPU
		Debug|ARM = Debug|ARM
		Debug|iPhone = Debug|iPhone
		Debug|iPhoneSimulator = Debug|iPhoneSimulator
		Debug|x64 = Debug|x64
		Debug|x86 = Debug|x86
		Release|Any CPU = Release|Any CPU
		Release|ARM = Release|ARM
		Release|iPhone = Release|iPhone
		Release|iPhoneSimulator = Release|iPhoneSimulator
		Release|x64 = Release|x64
		Release|x86 = Release|x86
	EndGlobalSection
	GlobalSection(ProjectConfigurationPlatforms) = postSolution
		{D5F995EF-F3F5-479C-BE0D-AEFE75248423}.Ad-Hoc|Any CPU.ActiveCfg = Release|Any CPU
		{D5F995EF-F3F5-479C-BE0D-AEFE75248423}.Ad-Hoc|Any CPU.Build.0 = Release|Any CPU
		{D5F995EF-F3F5-479C-BE0D-AEFE75248423}.Ad-Hoc|Any CPU.Deploy.0 = Release|Any CPU
		{D5F995EF-F3F5-479C-BE0D-AEFE75248423}.Ad-Hoc|ARM.ActiveCfg = Release|Any CPU
		{D5F995EF-F3F5-479C-BE0D-AEFE75248423}.Ad-Hoc|ARM.Build.0 = Release|Any CPU
		{D5F995EF-F3F5-479C-BE0D-AEFE75248423}.Ad-Hoc|ARM.Deploy.0 = Release|Any CPU
		{D5F995EF-F3F5-479C-BE0D-AEFE75248423}.Ad-Hoc|iPhone.ActiveCfg = Release|Any CPU
		{D5F995EF-F3F5-479C-BE0D-AEFE75248423}.Ad-Hoc|iPhone.Build.0 = Release|Any CPU
		{D5F995EF-F3F5-479C-BE0D-AEFE75248423}.Ad-Hoc|iPhone.Deploy.0 = Release|Any CPU
		{D5F995EF-F3F5-479C-BE0D-AEFE75248423}.Ad-Hoc|iPhoneSimulator.ActiveCfg = Release|Any CPU
		{D5F995EF-F3F5-479C-BE0D-AEFE75248423}.Ad-Hoc|iPhoneSimulator.Build.0 = Release|Any CPU
		{D5F995EF-F3F5-479C-BE0D-AEFE75248423}.Ad-Hoc|iPhoneSimulator.Deploy.0 = Release|Any CPU
		{D5F995EF-F3F5-479C-BE0D-AEFE75248423}.Ad-Hoc|x64.ActiveCfg = Release|Any CPU
		{D5F995EF-F3F5-479C-BE0D-AEFE75248423}.Ad-Hoc|x64.Build.0 = Release|Any CPU
		{D5F995EF-F3F5-479C-BE0D-AEFE75248423}.Ad-Hoc|x64.Deploy.0 = Release|Any CPU
		{D5F995EF-F3F5-479C-BE0D-AEFE75248423}.Ad-Hoc|x86.ActiveCfg = Release|Any CPU
		{D5F995EF-F3F5-479C-BE0D-AEFE75248423}.Ad-Hoc|x86.Build.0 = Release|Any CPU
		{D5F995EF-F3F5-479C-BE0D-AEFE75248423}.Ad-Hoc|x86.Deploy.0 = Release|Any CPU
		{D5F995EF-F3F5-479C-BE0D-AEFE75248423}.AppStore|Any CPU.ActiveCfg = Release|Any CPU
		{D5F995EF-F3F5-479C-BE0D-AEFE75248423}.AppStore|Any CPU.Build.0 = Release|Any CPU
		{D5F995EF-F3F5-479C-BE0D-AEFE75248423}.AppStore|Any CPU.Deploy.0 = Release|Any CPU
		{D5F995EF-F3F5-479C-BE0D-AEFE75248423}.AppStore|ARM.ActiveCfg = Release|Any CPU
		{D5F995EF-F3F5-479C-BE0D-AEFE75248423}.AppStore|ARM.Build.0 = Release|Any CPU
		{D5F995EF-F3F5-479C-BE0D-AEFE75248423}.AppStore|ARM.Deploy.0 = Release|Any CPU
		{D5F995EF-F3F5-479C-BE0D-AEFE75248423}.AppStore|iPhone.ActiveCfg = Release|Any CPU
		{D5F995EF-F3F5-479C-BE0D-AEFE75248423}.AppStore|iPhone.Build.0 = Release|Any CPU
		{D5F995EF-F3F5-479C-BE0D-AEFE75248423}.AppStore|iPhone.Deploy.0 = Release|Any CPU
		{D5F995EF-F3F5-479C-BE0D-AEFE75248423}.AppStore|iPhoneSimulator.ActiveCfg = Release|Any CPU
		{D5F995EF-F3F5-479C-BE0D-AEFE75248423}.AppStore|iPhoneSimulator.Build.0 = Release|Any CPU
		{D5F995EF-F3F5-479C-BE0D-AEFE75248423}.AppStore|iPhoneSimulator.Deploy.0 = Release|Any CPU
		{D5F995EF-F3F5-479C-BE0D-AEFE75248423}.AppStore|x64.ActiveCfg = Release|Any CPU
		{D5F995EF-F3F5-479C-BE0D-AEFE75248423}.AppStore|x64.Build.0 = Release|Any CPU
		{D5F995EF-F3F5-479C-BE0D-AEFE75248423}.AppStore|x64.Deploy.0 = Release|Any CPU
		{D5F995EF-F3F5-479C-BE0D-AEFE75248423}.AppStore|x86.ActiveCfg = Release|Any CPU
		{D5F995EF-F3F5-479C-BE0D-AEFE75248423}.AppStore|x86.Build.0 = Release|Any CPU
		{D5F995EF-F3F5-479C-BE0D-AEFE75248423}.AppStore|x86.Deploy.0 = Release|Any CPU
		{D5F995EF-F3F5-479C-BE0D-AEFE75248423}.Debug|Any CPU.ActiveCfg = Debug|Any CPU
		{D5F995EF-F3F5-479C-BE0D-AEFE75248423}.Debug|Any CPU.Build.0 = Debug|Any CPU
		{D5F995EF-F3F5-479C-BE0D-AEFE75248423}.Debug|Any CPU.Deploy.0 = Debug|Any CPU
		{D5F995EF-F3F5-479C-BE0D-AEFE75248423}.Debug|ARM.ActiveCfg = Debug|Any CPU
		{D5F995EF-F3F5-479C-BE0D-AEFE75248423}.Debug|ARM.Build.0 = Debug|Any CPU
		{D5F995EF-F3F5-479C-BE0D-AEFE75248423}.Debug|ARM.Deploy.0 = Debug|Any CPU
		{D5F995EF-F3F5-479C-BE0D-AEFE75248423}.Debug|iPhone.ActiveCfg = Debug|Any CPU
		{D5F995EF-F3F5-479C-BE0D-AEFE75248423}.Debug|iPhone.Build.0 = Debug|Any CPU
		{D5F995EF-F3F5-479C-BE0D-AEFE75248423}.Debug|iPhone.Deploy.0 = Debug|Any CPU
		{D5F995EF-F3F5-479C-BE0D-AEFE75248423}.Debug|iPhoneSimulator.ActiveCfg = Debug|Any CPU
		{D5F995EF-F3F5-479C-BE0D-AEFE75248423}.Debug|iPhoneSimulator.Build.0 = Debug|Any CPU
		{D5F995EF-F3F5-479C-BE0D-AEFE75248423}.Debug|iPhoneSimulator.Deploy.0 = Debug|Any CPU
		{D5F995EF-F3F5-479C-BE0D-AEFE75248423}.Debug|x64.ActiveCfg = Debug|Any CPU
		{D5F995EF-F3F5-479C-BE0D-AEFE75248423}.Debug|x64.Build.0 = Debug|Any CPU
		{D5F995EF-F3F5-479C-BE0D-AEFE75248423}.Debug|x64.Deploy.0 = Debug|Any CPU
		{D5F995EF-F3F5-479C-BE0D-AEFE75248423}.Debug|x86.ActiveCfg = Debug|Any CPU
		{D5F995EF-F3F5-479C-BE0D-AEFE75248423}.Debug|x86.Build.0 = Debug|Any CPU
		{D5F995EF-F3F5-479C-BE0D-AEFE75248423}.Debug|x86.Deploy.0 = Debug|Any CPU
		{D5F995EF-F3F5-479C-BE0D-AEFE75248423}.Release|Any CPU.ActiveCfg = Release|Any CPU
		{D5F995EF-F3F5-479C-BE0D-AEFE75248423}.Release|Any CPU.Build.0 = Release|Any CPU
		{D5F995EF-F3F5-479C-BE0D-AEFE75248423}.Release|Any CPU.Deploy.0 = Release|Any CPU
		{D5F995EF-F3F5-479C-BE0D-AEFE75248423}.Release|ARM.ActiveCfg = Release|Any CPU
		{D5F995EF-F3F5-479C-BE0D-AEFE75248423}.Release|ARM.Build.0 = Release|Any CPU
		{D5F995EF-F3F5-479C-BE0D-AEFE75248423}.Release|ARM.Deploy.0 = Release|Any CPU
		{D5F995EF-F3F5-479C-BE0D-AEFE75248423}.Release|iPhone.ActiveCfg = Release|Any CPU
		{D5F995EF-F3F5-479C-BE0D-AEFE75248423}.Release|iPhone.Build.0 = Release|Any CPU
		{D5F995EF-F3F5-479C-BE0D-AEFE75248423}.Release|iPhone.Deploy.0 = Release|Any CPU
		{D5F995EF-F3F5-479C-BE0D-AEFE75248423}.Release|iPhoneSimulator.ActiveCfg = Release|Any CPU
		{D5F995EF-F3F5-479C-BE0D-AEFE75248423}.Release|iPhoneSimulator.Build.0 = Release|Any CPU
		{D5F995EF-F3F5-479C-BE0D-AEFE75248423}.Release|iPhoneSimulator.Deploy.0 = Release|Any CPU
		{D5F995EF-F3F5-479C-BE0D-AEFE75248423}.Release|x64.ActiveCfg = Release|Any CPU
		{D5F995EF-F3F5-479C-BE0D-AEFE75248423}.Release|x64.Build.0 = Release|Any CPU
		{D5F995EF-F3F5-479C-BE0D-AEFE75248423}.Release|x64.Deploy.0 = Release|Any CPU
		{D5F995EF-F3F5-479C-BE0D-AEFE75248423}.Release|x86.ActiveCfg = Release|Any CPU
		{D5F995EF-F3F5-479C-BE0D-AEFE75248423}.Release|x86.Build.0 = Release|Any CPU
		{D5F995EF-F3F5-479C-BE0D-AEFE75248423}.Release|x86.Deploy.0 = Release|Any CPU
		{00493133-1386-4876-AB71-C85626440B7D}.Ad-Hoc|Any CPU.ActiveCfg = Ad-Hoc|iPhone
		{00493133-1386-4876-AB71-C85626440B7D}.Ad-Hoc|Any CPU.Build.0 = Ad-Hoc|iPhone
		{00493133-1386-4876-AB71-C85626440B7D}.Ad-Hoc|Any CPU.Deploy.0 = Ad-Hoc|iPhone
		{00493133-1386-4876-AB71-C85626440B7D}.Ad-Hoc|ARM.ActiveCfg = Ad-Hoc|iPhone
		{00493133-1386-4876-AB71-C85626440B7D}.Ad-Hoc|ARM.Build.0 = Ad-Hoc|iPhone
		{00493133-1386-4876-AB71-C85626440B7D}.Ad-Hoc|ARM.Deploy.0 = Ad-Hoc|iPhone
		{00493133-1386-4876-AB71-C85626440B7D}.Ad-Hoc|iPhone.ActiveCfg = Ad-Hoc|iPhone
		{00493133-1386-4876-AB71-C85626440B7D}.Ad-Hoc|iPhone.Build.0 = Ad-Hoc|iPhone
		{00493133-1386-4876-AB71-C85626440B7D}.Ad-Hoc|iPhone.Deploy.0 = Ad-Hoc|iPhone
		{00493133-1386-4876-AB71-C85626440B7D}.Ad-Hoc|iPhoneSimulator.ActiveCfg = Ad-Hoc|iPhoneSimulator
		{00493133-1386-4876-AB71-C85626440B7D}.Ad-Hoc|iPhoneSimulator.Build.0 = Ad-Hoc|iPhoneSimulator
		{00493133-1386-4876-AB71-C85626440B7D}.Ad-Hoc|iPhoneSimulator.Deploy.0 = Ad-Hoc|iPhoneSimulator
		{00493133-1386-4876-AB71-C85626440B7D}.Ad-Hoc|x64.ActiveCfg = Ad-Hoc|iPhone
		{00493133-1386-4876-AB71-C85626440B7D}.Ad-Hoc|x64.Build.0 = Ad-Hoc|iPhone
		{00493133-1386-4876-AB71-C85626440B7D}.Ad-Hoc|x64.Deploy.0 = Ad-Hoc|iPhone
		{00493133-1386-4876-AB71-C85626440B7D}.Ad-Hoc|x86.ActiveCfg = Ad-Hoc|iPhone
		{00493133-1386-4876-AB71-C85626440B7D}.Ad-Hoc|x86.Build.0 = Ad-Hoc|iPhone
		{00493133-1386-4876-AB71-C85626440B7D}.Ad-Hoc|x86.Deploy.0 = Ad-Hoc|iPhone
		{00493133-1386-4876-AB71-C85626440B7D}.AppStore|Any CPU.ActiveCfg = AppStore|iPhone
		{00493133-1386-4876-AB71-C85626440B7D}.AppStore|Any CPU.Build.0 = AppStore|iPhone
		{00493133-1386-4876-AB71-C85626440B7D}.AppStore|Any CPU.Deploy.0 = AppStore|iPhone
		{00493133-1386-4876-AB71-C85626440B7D}.AppStore|ARM.ActiveCfg = AppStore|iPhone
		{00493133-1386-4876-AB71-C85626440B7D}.AppStore|ARM.Build.0 = AppStore|iPhone
		{00493133-1386-4876-AB71-C85626440B7D}.AppStore|ARM.Deploy.0 = AppStore|iPhone
		{00493133-1386-4876-AB71-C85626440B7D}.AppStore|iPhone.ActiveCfg = AppStore|iPhone
		{00493133-1386-4876-AB71-C85626440B7D}.AppStore|iPhone.Build.0 = AppStore|iPhone
		{00493133-1386-4876-AB71-C85626440B7D}.AppStore|iPhone.Deploy.0 = AppStore|iPhone
		{00493133-1386-4876-AB71-C85626440B7D}.AppStore|iPhoneSimulator.ActiveCfg = AppStore|iPhoneSimulator
		{00493133-1386-4876-AB71-C85626440B7D}.AppStore|iPhoneSimulator.Build.0 = AppStore|iPhoneSimulator
		{00493133-1386-4876-AB71-C85626440B7D}.AppStore|iPhoneSimulator.Deploy.0 = AppStore|iPhoneSimulator
		{00493133-1386-4876-AB71-C85626440B7D}.AppStore|x64.ActiveCfg = AppStore|iPhone
		{00493133-1386-4876-AB71-C85626440B7D}.AppStore|x64.Build.0 = AppStore|iPhone
		{00493133-1386-4876-AB71-C85626440B7D}.AppStore|x64.Deploy.0 = AppStore|iPhone
		{00493133-1386-4876-AB71-C85626440B7D}.AppStore|x86.ActiveCfg = AppStore|iPhone
		{00493133-1386-4876-AB71-C85626440B7D}.AppStore|x86.Build.0 = AppStore|iPhone
		{00493133-1386-4876-AB71-C85626440B7D}.AppStore|x86.Deploy.0 = AppStore|iPhone
		{00493133-1386-4876-AB71-C85626440B7D}.Debug|Any CPU.ActiveCfg = Debug|iPhoneSimulator
		{00493133-1386-4876-AB71-C85626440B7D}.Debug|Any CPU.Build.0 = Debug|iPhoneSimulator
		{00493133-1386-4876-AB71-C85626440B7D}.Debug|Any CPU.Deploy.0 = Debug|iPhoneSimulator
		{00493133-1386-4876-AB71-C85626440B7D}.Debug|ARM.ActiveCfg = Debug|iPhone
		{00493133-1386-4876-AB71-C85626440B7D}.Debug|ARM.Build.0 = Debug|iPhone
		{00493133-1386-4876-AB71-C85626440B7D}.Debug|ARM.Deploy.0 = Debug|iPhone
		{00493133-1386-4876-AB71-C85626440B7D}.Debug|iPhone.ActiveCfg = Debug|iPhone
		{00493133-1386-4876-AB71-C85626440B7D}.Debug|iPhone.Build.0 = Debug|iPhone
		{00493133-1386-4876-AB71-C85626440B7D}.Debug|iPhone.Deploy.0 = Debug|iPhone
		{00493133-1386-4876-AB71-C85626440B7D}.Debug|iPhoneSimulator.ActiveCfg = Debug|iPhoneSimulator
		{00493133-1386-4876-AB71-C85626440B7D}.Debug|iPhoneSimulator.Build.0 = Debug|iPhoneSimulator
		{00493133-1386-4876-AB71-C85626440B7D}.Debug|iPhoneSimulator.Deploy.0 = Debug|iPhoneSimulator
		{00493133-1386-4876-AB71-C85626440B7D}.Debug|x64.ActiveCfg = Debug|iPhone
		{00493133-1386-4876-AB71-C85626440B7D}.Debug|x64.Build.0 = Debug|iPhone
		{00493133-1386-4876-AB71-C85626440B7D}.Debug|x64.Deploy.0 = Debug|iPhone
		{00493133-1386-4876-AB71-C85626440B7D}.Debug|x86.ActiveCfg = Debug|iPhone
		{00493133-1386-4876-AB71-C85626440B7D}.Debug|x86.Build.0 = Debug|iPhone
		{00493133-1386-4876-AB71-C85626440B7D}.Debug|x86.Deploy.0 = Debug|iPhone
		{00493133-1386-4876-AB71-C85626440B7D}.Release|Any CPU.ActiveCfg = Release|iPhone
		{00493133-1386-4876-AB71-C85626440B7D}.Release|Any CPU.Build.0 = Release|iPhone
		{00493133-1386-4876-AB71-C85626440B7D}.Release|Any CPU.Deploy.0 = Release|iPhone
		{00493133-1386-4876-AB71-C85626440B7D}.Release|ARM.ActiveCfg = Release|iPhone
		{00493133-1386-4876-AB71-C85626440B7D}.Release|ARM.Build.0 = Release|iPhone
		{00493133-1386-4876-AB71-C85626440B7D}.Release|ARM.Deploy.0 = Release|iPhone
		{00493133-1386-4876-AB71-C85626440B7D}.Release|iPhone.ActiveCfg = Release|iPhone
		{00493133-1386-4876-AB71-C85626440B7D}.Release|iPhone.Build.0 = Release|iPhone
		{00493133-1386-4876-AB71-C85626440B7D}.Release|iPhone.Deploy.0 = Release|iPhone
		{00493133-1386-4876-AB71-C85626440B7D}.Release|iPhoneSimulator.ActiveCfg = Release|iPhoneSimulator
		{00493133-1386-4876-AB71-C85626440B7D}.Release|iPhoneSimulator.Build.0 = Release|iPhoneSimulator
		{00493133-1386-4876-AB71-C85626440B7D}.Release|iPhoneSimulator.Deploy.0 = Release|iPhoneSimulator
		{00493133-1386-4876-AB71-C85626440B7D}.Release|x64.ActiveCfg = Release|iPhone
		{00493133-1386-4876-AB71-C85626440B7D}.Release|x64.Build.0 = Release|iPhone
		{00493133-1386-4876-AB71-C85626440B7D}.Release|x64.Deploy.0 = Release|iPhone
		{00493133-1386-4876-AB71-C85626440B7D}.Release|x86.ActiveCfg = Release|iPhone
		{00493133-1386-4876-AB71-C85626440B7D}.Release|x86.Build.0 = Release|iPhone
		{00493133-1386-4876-AB71-C85626440B7D}.Release|x86.Deploy.0 = Release|iPhone
		{286C268E-6672-4858-8AC8-C2CC13CED58B}.Ad-Hoc|Any CPU.ActiveCfg = Release|x86
		{286C268E-6672-4858-8AC8-C2CC13CED58B}.Ad-Hoc|Any CPU.Build.0 = Release|x86
		{286C268E-6672-4858-8AC8-C2CC13CED58B}.Ad-Hoc|Any CPU.Deploy.0 = Release|x86
		{286C268E-6672-4858-8AC8-C2CC13CED58B}.Ad-Hoc|ARM.ActiveCfg = Release|ARM
		{286C268E-6672-4858-8AC8-C2CC13CED58B}.Ad-Hoc|ARM.Build.0 = Release|ARM
		{286C268E-6672-4858-8AC8-C2CC13CED58B}.Ad-Hoc|ARM.Deploy.0 = Release|ARM
		{286C268E-6672-4858-8AC8-C2CC13CED58B}.Ad-Hoc|iPhone.ActiveCfg = Release|x86
		{286C268E-6672-4858-8AC8-C2CC13CED58B}.Ad-Hoc|iPhone.Build.0 = Release|x86
		{286C268E-6672-4858-8AC8-C2CC13CED58B}.Ad-Hoc|iPhone.Deploy.0 = Release|x86
		{286C268E-6672-4858-8AC8-C2CC13CED58B}.Ad-Hoc|iPhoneSimulator.ActiveCfg = Release|x86
		{286C268E-6672-4858-8AC8-C2CC13CED58B}.Ad-Hoc|iPhoneSimulator.Build.0 = Release|x86
		{286C268E-6672-4858-8AC8-C2CC13CED58B}.Ad-Hoc|iPhoneSimulator.Deploy.0 = Release|x86
		{286C268E-6672-4858-8AC8-C2CC13CED58B}.Ad-Hoc|x64.ActiveCfg = Release|x64
		{286C268E-6672-4858-8AC8-C2CC13CED58B}.Ad-Hoc|x64.Build.0 = Release|x64
		{286C268E-6672-4858-8AC8-C2CC13CED58B}.Ad-Hoc|x64.Deploy.0 = Release|x64
		{286C268E-6672-4858-8AC8-C2CC13CED58B}.Ad-Hoc|x86.ActiveCfg = Release|x86
		{286C268E-6672-4858-8AC8-C2CC13CED58B}.Ad-Hoc|x86.Build.0 = Release|x86
		{286C268E-6672-4858-8AC8-C2CC13CED58B}.Ad-Hoc|x86.Deploy.0 = Release|x86
		{286C268E-6672-4858-8AC8-C2CC13CED58B}.AppStore|Any CPU.ActiveCfg = Release|x86
		{286C268E-6672-4858-8AC8-C2CC13CED58B}.AppStore|Any CPU.Build.0 = Release|x86
		{286C268E-6672-4858-8AC8-C2CC13CED58B}.AppStore|Any CPU.Deploy.0 = Release|x86
		{286C268E-6672-4858-8AC8-C2CC13CED58B}.AppStore|ARM.ActiveCfg = Release|ARM
		{286C268E-6672-4858-8AC8-C2CC13CED58B}.AppStore|ARM.Build.0 = Release|ARM
		{286C268E-6672-4858-8AC8-C2CC13CED58B}.AppStore|ARM.Deploy.0 = Release|ARM
		{286C268E-6672-4858-8AC8-C2CC13CED58B}.AppStore|iPhone.ActiveCfg = Release|x86
		{286C268E-6672-4858-8AC8-C2CC13CED58B}.AppStore|iPhone.Build.0 = Release|x86
		{286C268E-6672-4858-8AC8-C2CC13CED58B}.AppStore|iPhone.Deploy.0 = Release|x86
		{286C268E-6672-4858-8AC8-C2CC13CED58B}.AppStore|iPhoneSimulator.ActiveCfg = Release|x86
		{286C268E-6672-4858-8AC8-C2CC13CED58B}.AppStore|iPhoneSimulator.Build.0 = Release|x86
		{286C268E-6672-4858-8AC8-C2CC13CED58B}.AppStore|iPhoneSimulator.Deploy.0 = Release|x86
		{286C268E-6672-4858-8AC8-C2CC13CED58B}.AppStore|x64.ActiveCfg = Release|x64
		{286C268E-6672-4858-8AC8-C2CC13CED58B}.AppStore|x64.Build.0 = Release|x64
		{286C268E-6672-4858-8AC8-C2CC13CED58B}.AppStore|x64.Deploy.0 = Release|x64
		{286C268E-6672-4858-8AC8-C2CC13CED58B}.AppStore|x86.ActiveCfg = Release|x86
		{286C268E-6672-4858-8AC8-C2CC13CED58B}.AppStore|x86.Build.0 = Release|x86
		{286C268E-6672-4858-8AC8-C2CC13CED58B}.AppStore|x86.Deploy.0 = Release|x86
		{286C268E-6672-4858-8AC8-C2CC13CED58B}.Debug|Any CPU.ActiveCfg = Debug|x86
		{286C268E-6672-4858-8AC8-C2CC13CED58B}.Debug|Any CPU.Build.0 = Debug|x86
		{286C268E-6672-4858-8AC8-C2CC13CED58B}.Debug|Any CPU.Deploy.0 = Debug|x86
		{286C268E-6672-4858-8AC8-C2CC13CED58B}.Debug|ARM.ActiveCfg = Debug|ARM
		{286C268E-6672-4858-8AC8-C2CC13CED58B}.Debug|ARM.Build.0 = Debug|ARM
		{286C268E-6672-4858-8AC8-C2CC13CED58B}.Debug|ARM.Deploy.0 = Debug|ARM
		{286C268E-6672-4858-8AC8-C2CC13CED58B}.Debug|iPhone.ActiveCfg = Debug|x86
		{286C268E-6672-4858-8AC8-C2CC13CED58B}.Debug|iPhone.Build.0 = Debug|x86
		{286C268E-6672-4858-8AC8-C2CC13CED58B}.Debug|iPhone.Deploy.0 = Debug|x86
		{286C268E-6672-4858-8AC8-C2CC13CED58B}.Debug|iPhoneSimulator.ActiveCfg = Debug|x86
		{286C268E-6672-4858-8AC8-C2CC13CED58B}.Debug|iPhoneSimulator.Build.0 = Debug|x86
		{286C268E-6672-4858-8AC8-C2CC13CED58B}.Debug|iPhoneSimulator.Deploy.0 = Debug|x86
		{286C268E-6672-4858-8AC8-C2CC13CED58B}.Debug|x64.ActiveCfg = Debug|x64
		{286C268E-6672-4858-8AC8-C2CC13CED58B}.Debug|x64.Build.0 = Debug|x64
		{286C268E-6672-4858-8AC8-C2CC13CED58B}.Debug|x64.Deploy.0 = Debug|x64
		{286C268E-6672-4858-8AC8-C2CC13CED58B}.Debug|x86.ActiveCfg = Debug|x86
		{286C268E-6672-4858-8AC8-C2CC13CED58B}.Debug|x86.Build.0 = Debug|x86
		{286C268E-6672-4858-8AC8-C2CC13CED58B}.Debug|x86.Deploy.0 = Debug|x86
		{286C268E-6672-4858-8AC8-C2CC13CED58B}.Release|Any CPU.ActiveCfg = Release|x86
		{286C268E-6672-4858-8AC8-C2CC13CED58B}.Release|Any CPU.Build.0 = Release|x86
		{286C268E-6672-4858-8AC8-C2CC13CED58B}.Release|Any CPU.Deploy.0 = Release|x86
		{286C268E-6672-4858-8AC8-C2CC13CED58B}.Release|ARM.ActiveCfg = Release|ARM
		{286C268E-6672-4858-8AC8-C2CC13CED58B}.Release|ARM.Build.0 = Release|ARM
		{286C268E-6672-4858-8AC8-C2CC13CED58B}.Release|ARM.Deploy.0 = Release|ARM
		{286C268E-6672-4858-8AC8-C2CC13CED58B}.Release|iPhone.ActiveCfg = Release|x86
		{286C268E-6672-4858-8AC8-C2CC13CED58B}.Release|iPhone.Build.0 = Release|x86
		{286C268E-6672-4858-8AC8-C2CC13CED58B}.Release|iPhone.Deploy.0 = Release|x86
		{286C268E-6672-4858-8AC8-C2CC13CED58B}.Release|iPhoneSimulator.ActiveCfg = Release|x86
		{286C268E-6672-4858-8AC8-C2CC13CED58B}.Release|iPhoneSimulator.Build.0 = Release|x86
		{286C268E-6672-4858-8AC8-C2CC13CED58B}.Release|iPhoneSimulator.Deploy.0 = Release|x86
		{286C268E-6672-4858-8AC8-C2CC13CED58B}.Release|x64.ActiveCfg = Release|x64
		{286C268E-6672-4858-8AC8-C2CC13CED58B}.Release|x64.Build.0 = Release|x64
		{286C268E-6672-4858-8AC8-C2CC13CED58B}.Release|x64.Deploy.0 = Release|x64
		{286C268E-6672-4858-8AC8-C2CC13CED58B}.Release|x86.ActiveCfg = Release|x86
		{286C268E-6672-4858-8AC8-C2CC13CED58B}.Release|x86.Build.0 = Release|x86
		{286C268E-6672-4858-8AC8-C2CC13CED58B}.Release|x86.Deploy.0 = Release|x86
		{5FB1124F-D559-4455-8E25-6C484D44BB64}.Ad-Hoc|Any CPU.ActiveCfg = Debug|Any CPU
		{5FB1124F-D559-4455-8E25-6C484D44BB64}.Ad-Hoc|Any CPU.Build.0 = Debug|Any CPU
		{5FB1124F-D559-4455-8E25-6C484D44BB64}.Ad-Hoc|Any CPU.Deploy.0 = Debug|Any CPU
		{5FB1124F-D559-4455-8E25-6C484D44BB64}.Ad-Hoc|ARM.ActiveCfg = Debug|Any CPU
		{5FB1124F-D559-4455-8E25-6C484D44BB64}.Ad-Hoc|ARM.Build.0 = Debug|Any CPU
		{5FB1124F-D559-4455-8E25-6C484D44BB64}.Ad-Hoc|ARM.Deploy.0 = Debug|Any CPU
		{5FB1124F-D559-4455-8E25-6C484D44BB64}.Ad-Hoc|iPhone.ActiveCfg = Debug|Any CPU
		{5FB1124F-D559-4455-8E25-6C484D44BB64}.Ad-Hoc|iPhone.Build.0 = Debug|Any CPU
		{5FB1124F-D559-4455-8E25-6C484D44BB64}.Ad-Hoc|iPhone.Deploy.0 = Debug|Any CPU
		{5FB1124F-D559-4455-8E25-6C484D44BB64}.Ad-Hoc|iPhoneSimulator.ActiveCfg = Debug|Any CPU
		{5FB1124F-D559-4455-8E25-6C484D44BB64}.Ad-Hoc|iPhoneSimulator.Build.0 = Debug|Any CPU
		{5FB1124F-D559-4455-8E25-6C484D44BB64}.Ad-Hoc|iPhoneSimulator.Deploy.0 = Debug|Any CPU
		{5FB1124F-D559-4455-8E25-6C484D44BB64}.Ad-Hoc|x64.ActiveCfg = Debug|Any CPU
		{5FB1124F-D559-4455-8E25-6C484D44BB64}.Ad-Hoc|x64.Build.0 = Debug|Any CPU
		{5FB1124F-D559-4455-8E25-6C484D44BB64}.Ad-Hoc|x64.Deploy.0 = Debug|Any CPU
		{5FB1124F-D559-4455-8E25-6C484D44BB64}.Ad-Hoc|x86.ActiveCfg = Debug|Any CPU
		{5FB1124F-D559-4455-8E25-6C484D44BB64}.Ad-Hoc|x86.Build.0 = Debug|Any CPU
		{5FB1124F-D559-4455-8E25-6C484D44BB64}.Ad-Hoc|x86.Deploy.0 = Debug|Any CPU
		{5FB1124F-D559-4455-8E25-6C484D44BB64}.AppStore|Any CPU.ActiveCfg = Debug|Any CPU
		{5FB1124F-D559-4455-8E25-6C484D44BB64}.AppStore|Any CPU.Build.0 = Debug|Any CPU
		{5FB1124F-D559-4455-8E25-6C484D44BB64}.AppStore|Any CPU.Deploy.0 = Debug|Any CPU
		{5FB1124F-D559-4455-8E25-6C484D44BB64}.AppStore|ARM.ActiveCfg = Debug|Any CPU
		{5FB1124F-D559-4455-8E25-6C484D44BB64}.AppStore|ARM.Build.0 = Debug|Any CPU
		{5FB1124F-D559-4455-8E25-6C484D44BB64}.AppStore|ARM.Deploy.0 = Debug|Any CPU
		{5FB1124F-D559-4455-8E25-6C484D44BB64}.AppStore|iPhone.ActiveCfg = Debug|Any CPU
		{5FB1124F-D559-4455-8E25-6C484D44BB64}.AppStore|iPhone.Build.0 = Debug|Any CPU
		{5FB1124F-D559-4455-8E25-6C484D44BB64}.AppStore|iPhone.Deploy.0 = Debug|Any CPU
		{5FB1124F-D559-4455-8E25-6C484D44BB64}.AppStore|iPhoneSimulator.ActiveCfg = Debug|Any CPU
		{5FB1124F-D559-4455-8E25-6C484D44BB64}.AppStore|iPhoneSimulator.Build.0 = Debug|Any CPU
		{5FB1124F-D559-4455-8E25-6C484D44BB64}.AppStore|iPhoneSimulator.Deploy.0 = Debug|Any CPU
		{5FB1124F-D559-4455-8E25-6C484D44BB64}.AppStore|x64.ActiveCfg = Debug|Any CPU
		{5FB1124F-D559-4455-8E25-6C484D44BB64}.AppStore|x64.Build.0 = Debug|Any CPU
		{5FB1124F-D559-4455-8E25-6C484D44BB64}.AppStore|x64.Deploy.0 = Debug|Any CPU
		{5FB1124F-D559-4455-8E25-6C484D44BB64}.AppStore|x86.ActiveCfg = Debug|Any CPU
		{5FB1124F-D559-4455-8E25-6C484D44BB64}.AppStore|x86.Build.0 = Debug|Any CPU
		{5FB1124F-D559-4455-8E25-6C484D44BB64}.AppStore|x86.Deploy.0 = Debug|Any CPU
		{5FB1124F-D559-4455-8E25-6C484D44BB64}.Debug|Any CPU.ActiveCfg = Debug|Any CPU
		{5FB1124F-D559-4455-8E25-6C484D44BB64}.Debug|Any CPU.Build.0 = Debug|Any CPU
		{5FB1124F-D559-4455-8E25-6C484D44BB64}.Debug|Any CPU.Deploy.0 = Debug|Any CPU
		{5FB1124F-D559-4455-8E25-6C484D44BB64}.Debug|ARM.ActiveCfg = Debug|Any CPU
		{5FB1124F-D559-4455-8E25-6C484D44BB64}.Debug|ARM.Build.0 = Debug|Any CPU
		{5FB1124F-D559-4455-8E25-6C484D44BB64}.Debug|ARM.Deploy.0 = Debug|Any CPU
		{5FB1124F-D559-4455-8E25-6C484D44BB64}.Debug|iPhone.ActiveCfg = Debug|Any CPU
		{5FB1124F-D559-4455-8E25-6C484D44BB64}.Debug|iPhone.Build.0 = Debug|Any CPU
		{5FB1124F-D559-4455-8E25-6C484D44BB64}.Debug|iPhone.Deploy.0 = Debug|Any CPU
		{5FB1124F-D559-4455-8E25-6C484D44BB64}.Debug|iPhoneSimulator.ActiveCfg = Debug|Any CPU
		{5FB1124F-D559-4455-8E25-6C484D44BB64}.Debug|iPhoneSimulator.Build.0 = Debug|Any CPU
		{5FB1124F-D559-4455-8E25-6C484D44BB64}.Debug|iPhoneSimulator.Deploy.0 = Debug|Any CPU
		{5FB1124F-D559-4455-8E25-6C484D44BB64}.Debug|x64.ActiveCfg = Debug|Any CPU
		{5FB1124F-D559-4455-8E25-6C484D44BB64}.Debug|x64.Build.0 = Debug|Any CPU
		{5FB1124F-D559-4455-8E25-6C484D44BB64}.Debug|x64.Deploy.0 = Debug|Any CPU
		{5FB1124F-D559-4455-8E25-6C484D44BB64}.Debug|x86.ActiveCfg = Debug|Any CPU
		{5FB1124F-D559-4455-8E25-6C484D44BB64}.Debug|x86.Build.0 = Debug|Any CPU
		{5FB1124F-D559-4455-8E25-6C484D44BB64}.Debug|x86.Deploy.0 = Debug|Any CPU
		{5FB1124F-D559-4455-8E25-6C484D44BB64}.Release|Any CPU.ActiveCfg = Release|Any CPU
		{5FB1124F-D559-4455-8E25-6C484D44BB64}.Release|Any CPU.Build.0 = Release|Any CPU
		{5FB1124F-D559-4455-8E25-6C484D44BB64}.Release|Any CPU.Deploy.0 = Release|Any CPU
		{5FB1124F-D559-4455-8E25-6C484D44BB64}.Release|ARM.ActiveCfg = Release|Any CPU
		{5FB1124F-D559-4455-8E25-6C484D44BB64}.Release|ARM.Build.0 = Release|Any CPU
		{5FB1124F-D559-4455-8E25-6C484D44BB64}.Release|ARM.Deploy.0 = Release|Any CPU
		{5FB1124F-D559-4455-8E25-6C484D44BB64}.Release|iPhone.ActiveCfg = Release|Any CPU
		{5FB1124F-D559-4455-8E25-6C484D44BB64}.Release|iPhone.Build.0 = Release|Any CPU
		{5FB1124F-D559-4455-8E25-6C484D44BB64}.Release|iPhone.Deploy.0 = Release|Any CPU
		{5FB1124F-D559-4455-8E25-6C484D44BB64}.Release|iPhoneSimulator.ActiveCfg = Release|Any CPU
		{5FB1124F-D559-4455-8E25-6C484D44BB64}.Release|iPhoneSimulator.Build.0 = Release|Any CPU
		{5FB1124F-D559-4455-8E25-6C484D44BB64}.Release|iPhoneSimulator.Deploy.0 = Release|Any CPU
		{5FB1124F-D559-4455-8E25-6C484D44BB64}.Release|x64.ActiveCfg = Release|Any CPU
		{5FB1124F-D559-4455-8E25-6C484D44BB64}.Release|x64.Build.0 = Release|Any CPU
		{5FB1124F-D559-4455-8E25-6C484D44BB64}.Release|x64.Deploy.0 = Release|Any CPU
		{5FB1124F-D559-4455-8E25-6C484D44BB64}.Release|x86.ActiveCfg = Release|Any CPU
		{5FB1124F-D559-4455-8E25-6C484D44BB64}.Release|x86.Build.0 = Release|Any CPU
		{5FB1124F-D559-4455-8E25-6C484D44BB64}.Release|x86.Deploy.0 = Release|Any CPU
		{240B4C14-43CC-4D6E-8A93-184C1997084F}.Ad-Hoc|Any CPU.ActiveCfg = Debug|Any CPU
		{240B4C14-43CC-4D6E-8A93-184C1997084F}.Ad-Hoc|Any CPU.Build.0 = Debug|Any CPU
		{240B4C14-43CC-4D6E-8A93-184C1997084F}.Ad-Hoc|ARM.ActiveCfg = Debug|Any CPU
		{240B4C14-43CC-4D6E-8A93-184C1997084F}.Ad-Hoc|ARM.Build.0 = Debug|Any CPU
		{240B4C14-43CC-4D6E-8A93-184C1997084F}.Ad-Hoc|iPhone.ActiveCfg = Debug|Any CPU
		{240B4C14-43CC-4D6E-8A93-184C1997084F}.Ad-Hoc|iPhone.Build.0 = Debug|Any CPU
		{240B4C14-43CC-4D6E-8A93-184C1997084F}.Ad-Hoc|iPhoneSimulator.ActiveCfg = Debug|Any CPU
		{240B4C14-43CC-4D6E-8A93-184C1997084F}.Ad-Hoc|iPhoneSimulator.Build.0 = Debug|Any CPU
		{240B4C14-43CC-4D6E-8A93-184C1997084F}.Ad-Hoc|x64.ActiveCfg = Debug|Any CPU
		{240B4C14-43CC-4D6E-8A93-184C1997084F}.Ad-Hoc|x64.Build.0 = Debug|Any CPU
		{240B4C14-43CC-4D6E-8A93-184C1997084F}.Ad-Hoc|x86.ActiveCfg = Debug|Any CPU
		{240B4C14-43CC-4D6E-8A93-184C1997084F}.Ad-Hoc|x86.Build.0 = Debug|Any CPU
		{240B4C14-43CC-4D6E-8A93-184C1997084F}.AppStore|Any CPU.ActiveCfg = Debug|Any CPU
		{240B4C14-43CC-4D6E-8A93-184C1997084F}.AppStore|Any CPU.Build.0 = Debug|Any CPU
		{240B4C14-43CC-4D6E-8A93-184C1997084F}.AppStore|ARM.ActiveCfg = Debug|Any CPU
		{240B4C14-43CC-4D6E-8A93-184C1997084F}.AppStore|ARM.Build.0 = Debug|Any CPU
		{240B4C14-43CC-4D6E-8A93-184C1997084F}.AppStore|iPhone.ActiveCfg = Debug|Any CPU
		{240B4C14-43CC-4D6E-8A93-184C1997084F}.AppStore|iPhone.Build.0 = Debug|Any CPU
		{240B4C14-43CC-4D6E-8A93-184C1997084F}.AppStore|iPhoneSimulator.ActiveCfg = Debug|Any CPU
		{240B4C14-43CC-4D6E-8A93-184C1997084F}.AppStore|iPhoneSimulator.Build.0 = Debug|Any CPU
		{240B4C14-43CC-4D6E-8A93-184C1997084F}.AppStore|x64.ActiveCfg = Debug|Any CPU
		{240B4C14-43CC-4D6E-8A93-184C1997084F}.AppStore|x64.Build.0 = Debug|Any CPU
		{240B4C14-43CC-4D6E-8A93-184C1997084F}.AppStore|x86.ActiveCfg = Debug|Any CPU
		{240B4C14-43CC-4D6E-8A93-184C1997084F}.AppStore|x86.Build.0 = Debug|Any CPU
		{240B4C14-43CC-4D6E-8A93-184C1997084F}.Debug|Any CPU.ActiveCfg = Debug|Any CPU
		{240B4C14-43CC-4D6E-8A93-184C1997084F}.Debug|Any CPU.Build.0 = Debug|Any CPU
		{240B4C14-43CC-4D6E-8A93-184C1997084F}.Debug|ARM.ActiveCfg = Debug|Any CPU
		{240B4C14-43CC-4D6E-8A93-184C1997084F}.Debug|ARM.Build.0 = Debug|Any CPU
		{240B4C14-43CC-4D6E-8A93-184C1997084F}.Debug|iPhone.ActiveCfg = Debug|Any CPU
		{240B4C14-43CC-4D6E-8A93-184C1997084F}.Debug|iPhone.Build.0 = Debug|Any CPU
		{240B4C14-43CC-4D6E-8A93-184C1997084F}.Debug|iPhoneSimulator.ActiveCfg = Debug|Any CPU
		{240B4C14-43CC-4D6E-8A93-184C1997084F}.Debug|iPhoneSimulator.Build.0 = Debug|Any CPU
		{240B4C14-43CC-4D6E-8A93-184C1997084F}.Debug|x64.ActiveCfg = Debug|Any CPU
		{240B4C14-43CC-4D6E-8A93-184C1997084F}.Debug|x64.Build.0 = Debug|Any CPU
		{240B4C14-43CC-4D6E-8A93-184C1997084F}.Debug|x86.ActiveCfg = Debug|Any CPU
		{240B4C14-43CC-4D6E-8A93-184C1997084F}.Debug|x86.Build.0 = Debug|Any CPU
		{240B4C14-43CC-4D6E-8A93-184C1997084F}.Release|Any CPU.ActiveCfg = Release|Any CPU
		{240B4C14-43CC-4D6E-8A93-184C1997084F}.Release|Any CPU.Build.0 = Release|Any CPU
		{240B4C14-43CC-4D6E-8A93-184C1997084F}.Release|ARM.ActiveCfg = Release|Any CPU
		{240B4C14-43CC-4D6E-8A93-184C1997084F}.Release|ARM.Build.0 = Release|Any CPU
		{240B4C14-43CC-4D6E-8A93-184C1997084F}.Release|iPhone.ActiveCfg = Release|Any CPU
		{240B4C14-43CC-4D6E-8A93-184C1997084F}.Release|iPhone.Build.0 = Release|Any CPU
		{240B4C14-43CC-4D6E-8A93-184C1997084F}.Release|iPhoneSimulator.ActiveCfg = Release|Any CPU
		{240B4C14-43CC-4D6E-8A93-184C1997084F}.Release|iPhoneSimulator.Build.0 = Release|Any CPU
		{240B4C14-43CC-4D6E-8A93-184C1997084F}.Release|x64.ActiveCfg = Release|Any CPU
		{240B4C14-43CC-4D6E-8A93-184C1997084F}.Release|x64.Build.0 = Release|Any CPU
		{240B4C14-43CC-4D6E-8A93-184C1997084F}.Release|x86.ActiveCfg = Release|Any CPU
		{240B4C14-43CC-4D6E-8A93-184C1997084F}.Release|x86.Build.0 = Release|Any CPU
		{6DBD94D4-32CB-459B-8F5C-74B46C48DDCE}.Ad-Hoc|Any CPU.ActiveCfg = Debug|Any CPU
		{6DBD94D4-32CB-459B-8F5C-74B46C48DDCE}.Ad-Hoc|Any CPU.Build.0 = Debug|Any CPU
		{6DBD94D4-32CB-459B-8F5C-74B46C48DDCE}.Ad-Hoc|ARM.ActiveCfg = Debug|Any CPU
		{6DBD94D4-32CB-459B-8F5C-74B46C48DDCE}.Ad-Hoc|ARM.Build.0 = Debug|Any CPU
		{6DBD94D4-32CB-459B-8F5C-74B46C48DDCE}.Ad-Hoc|iPhone.ActiveCfg = Debug|Any CPU
		{6DBD94D4-32CB-459B-8F5C-74B46C48DDCE}.Ad-Hoc|iPhone.Build.0 = Debug|Any CPU
		{6DBD94D4-32CB-459B-8F5C-74B46C48DDCE}.Ad-Hoc|iPhoneSimulator.ActiveCfg = Debug|Any CPU
		{6DBD94D4-32CB-459B-8F5C-74B46C48DDCE}.Ad-Hoc|iPhoneSimulator.Build.0 = Debug|Any CPU
		{6DBD94D4-32CB-459B-8F5C-74B46C48DDCE}.Ad-Hoc|x64.ActiveCfg = Debug|Any CPU
		{6DBD94D4-32CB-459B-8F5C-74B46C48DDCE}.Ad-Hoc|x64.Build.0 = Debug|Any CPU
		{6DBD94D4-32CB-459B-8F5C-74B46C48DDCE}.Ad-Hoc|x86.ActiveCfg = Debug|Any CPU
		{6DBD94D4-32CB-459B-8F5C-74B46C48DDCE}.Ad-Hoc|x86.Build.0 = Debug|Any CPU
		{6DBD94D4-32CB-459B-8F5C-74B46C48DDCE}.AppStore|Any CPU.ActiveCfg = Debug|Any CPU
		{6DBD94D4-32CB-459B-8F5C-74B46C48DDCE}.AppStore|Any CPU.Build.0 = Debug|Any CPU
		{6DBD94D4-32CB-459B-8F5C-74B46C48DDCE}.AppStore|ARM.ActiveCfg = Debug|Any CPU
		{6DBD94D4-32CB-459B-8F5C-74B46C48DDCE}.AppStore|ARM.Build.0 = Debug|Any CPU
		{6DBD94D4-32CB-459B-8F5C-74B46C48DDCE}.AppStore|iPhone.ActiveCfg = Debug|Any CPU
		{6DBD94D4-32CB-459B-8F5C-74B46C48DDCE}.AppStore|iPhone.Build.0 = Debug|Any CPU
		{6DBD94D4-32CB-459B-8F5C-74B46C48DDCE}.AppStore|iPhoneSimulator.ActiveCfg = Debug|Any CPU
		{6DBD94D4-32CB-459B-8F5C-74B46C48DDCE}.AppStore|iPhoneSimulator.Build.0 = Debug|Any CPU
		{6DBD94D4-32CB-459B-8F5C-74B46C48DDCE}.AppStore|x64.ActiveCfg = Debug|Any CPU
		{6DBD94D4-32CB-459B-8F5C-74B46C48DDCE}.AppStore|x64.Build.0 = Debug|Any CPU
		{6DBD94D4-32CB-459B-8F5C-74B46C48DDCE}.AppStore|x86.ActiveCfg = Debug|Any CPU
		{6DBD94D4-32CB-459B-8F5C-74B46C48DDCE}.AppStore|x86.Build.0 = Debug|Any CPU
		{6DBD94D4-32CB-459B-8F5C-74B46C48DDCE}.Debug|Any CPU.ActiveCfg = Debug|Any CPU
		{6DBD94D4-32CB-459B-8F5C-74B46C48DDCE}.Debug|Any CPU.Build.0 = Debug|Any CPU
		{6DBD94D4-32CB-459B-8F5C-74B46C48DDCE}.Debug|ARM.ActiveCfg = Debug|Any CPU
		{6DBD94D4-32CB-459B-8F5C-74B46C48DDCE}.Debug|ARM.Build.0 = Debug|Any CPU
		{6DBD94D4-32CB-459B-8F5C-74B46C48DDCE}.Debug|iPhone.ActiveCfg = Debug|Any CPU
		{6DBD94D4-32CB-459B-8F5C-74B46C48DDCE}.Debug|iPhone.Build.0 = Debug|Any CPU
		{6DBD94D4-32CB-459B-8F5C-74B46C48DDCE}.Debug|iPhoneSimulator.ActiveCfg = Debug|Any CPU
		{6DBD94D4-32CB-459B-8F5C-74B46C48DDCE}.Debug|iPhoneSimulator.Build.0 = Debug|Any CPU
		{6DBD94D4-32CB-459B-8F5C-74B46C48DDCE}.Debug|x64.ActiveCfg = Debug|Any CPU
		{6DBD94D4-32CB-459B-8F5C-74B46C48DDCE}.Debug|x64.Build.0 = Debug|Any CPU
		{6DBD94D4-32CB-459B-8F5C-74B46C48DDCE}.Debug|x86.ActiveCfg = Debug|Any CPU
		{6DBD94D4-32CB-459B-8F5C-74B46C48DDCE}.Debug|x86.Build.0 = Debug|Any CPU
		{6DBD94D4-32CB-459B-8F5C-74B46C48DDCE}.Release|Any CPU.ActiveCfg = Release|Any CPU
		{6DBD94D4-32CB-459B-8F5C-74B46C48DDCE}.Release|Any CPU.Build.0 = Release|Any CPU
		{6DBD94D4-32CB-459B-8F5C-74B46C48DDCE}.Release|ARM.ActiveCfg = Release|Any CPU
		{6DBD94D4-32CB-459B-8F5C-74B46C48DDCE}.Release|ARM.Build.0 = Release|Any CPU
		{6DBD94D4-32CB-459B-8F5C-74B46C48DDCE}.Release|iPhone.ActiveCfg = Release|Any CPU
		{6DBD94D4-32CB-459B-8F5C-74B46C48DDCE}.Release|iPhone.Build.0 = Release|Any CPU
		{6DBD94D4-32CB-459B-8F5C-74B46C48DDCE}.Release|iPhoneSimulator.ActiveCfg = Release|Any CPU
		{6DBD94D4-32CB-459B-8F5C-74B46C48DDCE}.Release|iPhoneSimulator.Build.0 = Release|Any CPU
		{6DBD94D4-32CB-459B-8F5C-74B46C48DDCE}.Release|x64.ActiveCfg = Release|Any CPU
		{6DBD94D4-32CB-459B-8F5C-74B46C48DDCE}.Release|x64.Build.0 = Release|Any CPU
		{6DBD94D4-32CB-459B-8F5C-74B46C48DDCE}.Release|x86.ActiveCfg = Release|Any CPU
		{6DBD94D4-32CB-459B-8F5C-74B46C48DDCE}.Release|x86.Build.0 = Release|Any CPU
		{8F8AB894-66BE-47BC-BD30-76C9C7D2A1BD}.Ad-Hoc|Any CPU.ActiveCfg = Debug|Any CPU
		{8F8AB894-66BE-47BC-BD30-76C9C7D2A1BD}.Ad-Hoc|Any CPU.Build.0 = Debug|Any CPU
		{8F8AB894-66BE-47BC-BD30-76C9C7D2A1BD}.Ad-Hoc|ARM.ActiveCfg = Debug|Any CPU
		{8F8AB894-66BE-47BC-BD30-76C9C7D2A1BD}.Ad-Hoc|ARM.Build.0 = Debug|Any CPU
		{8F8AB894-66BE-47BC-BD30-76C9C7D2A1BD}.Ad-Hoc|iPhone.ActiveCfg = Debug|Any CPU
		{8F8AB894-66BE-47BC-BD30-76C9C7D2A1BD}.Ad-Hoc|iPhone.Build.0 = Debug|Any CPU
		{8F8AB894-66BE-47BC-BD30-76C9C7D2A1BD}.Ad-Hoc|iPhoneSimulator.ActiveCfg = Debug|Any CPU
		{8F8AB894-66BE-47BC-BD30-76C9C7D2A1BD}.Ad-Hoc|iPhoneSimulator.Build.0 = Debug|Any CPU
		{8F8AB894-66BE-47BC-BD30-76C9C7D2A1BD}.Ad-Hoc|x64.ActiveCfg = Debug|Any CPU
		{8F8AB894-66BE-47BC-BD30-76C9C7D2A1BD}.Ad-Hoc|x64.Build.0 = Debug|Any CPU
		{8F8AB894-66BE-47BC-BD30-76C9C7D2A1BD}.Ad-Hoc|x86.ActiveCfg = Debug|Any CPU
		{8F8AB894-66BE-47BC-BD30-76C9C7D2A1BD}.Ad-Hoc|x86.Build.0 = Debug|Any CPU
		{8F8AB894-66BE-47BC-BD30-76C9C7D2A1BD}.AppStore|Any CPU.ActiveCfg = Debug|Any CPU
		{8F8AB894-66BE-47BC-BD30-76C9C7D2A1BD}.AppStore|Any CPU.Build.0 = Debug|Any CPU
		{8F8AB894-66BE-47BC-BD30-76C9C7D2A1BD}.AppStore|ARM.ActiveCfg = Debug|Any CPU
		{8F8AB894-66BE-47BC-BD30-76C9C7D2A1BD}.AppStore|ARM.Build.0 = Debug|Any CPU
		{8F8AB894-66BE-47BC-BD30-76C9C7D2A1BD}.AppStore|iPhone.ActiveCfg = Debug|Any CPU
		{8F8AB894-66BE-47BC-BD30-76C9C7D2A1BD}.AppStore|iPhone.Build.0 = Debug|Any CPU
		{8F8AB894-66BE-47BC-BD30-76C9C7D2A1BD}.AppStore|iPhoneSimulator.ActiveCfg = Debug|Any CPU
		{8F8AB894-66BE-47BC-BD30-76C9C7D2A1BD}.AppStore|iPhoneSimulator.Build.0 = Debug|Any CPU
		{8F8AB894-66BE-47BC-BD30-76C9C7D2A1BD}.AppStore|x64.ActiveCfg = Debug|Any CPU
		{8F8AB894-66BE-47BC-BD30-76C9C7D2A1BD}.AppStore|x64.Build.0 = Debug|Any CPU
		{8F8AB894-66BE-47BC-BD30-76C9C7D2A1BD}.AppStore|x86.ActiveCfg = Debug|Any CPU
		{8F8AB894-66BE-47BC-BD30-76C9C7D2A1BD}.AppStore|x86.Build.0 = Debug|Any CPU
		{8F8AB894-66BE-47BC-BD30-76C9C7D2A1BD}.Debug|Any CPU.ActiveCfg = Debug|Any CPU
		{8F8AB894-66BE-47BC-BD30-76C9C7D2A1BD}.Debug|Any CPU.Build.0 = Debug|Any CPU
		{8F8AB894-66BE-47BC-BD30-76C9C7D2A1BD}.Debug|ARM.ActiveCfg = Debug|Any CPU
		{8F8AB894-66BE-47BC-BD30-76C9C7D2A1BD}.Debug|ARM.Build.0 = Debug|Any CPU
		{8F8AB894-66BE-47BC-BD30-76C9C7D2A1BD}.Debug|iPhone.ActiveCfg = Debug|Any CPU
		{8F8AB894-66BE-47BC-BD30-76C9C7D2A1BD}.Debug|iPhone.Build.0 = Debug|Any CPU
		{8F8AB894-66BE-47BC-BD30-76C9C7D2A1BD}.Debug|iPhoneSimulator.ActiveCfg = Debug|Any CPU
		{8F8AB894-66BE-47BC-BD30-76C9C7D2A1BD}.Debug|iPhoneSimulator.Build.0 = Debug|Any CPU
		{8F8AB894-66BE-47BC-BD30-76C9C7D2A1BD}.Debug|x64.ActiveCfg = Debug|Any CPU
		{8F8AB894-66BE-47BC-BD30-76C9C7D2A1BD}.Debug|x64.Build.0 = Debug|Any CPU
		{8F8AB894-66BE-47BC-BD30-76C9C7D2A1BD}.Debug|x86.ActiveCfg = Debug|Any CPU
		{8F8AB894-66BE-47BC-BD30-76C9C7D2A1BD}.Debug|x86.Build.0 = Debug|Any CPU
		{8F8AB894-66BE-47BC-BD30-76C9C7D2A1BD}.Release|Any CPU.ActiveCfg = Release|Any CPU
		{8F8AB894-66BE-47BC-BD30-76C9C7D2A1BD}.Release|Any CPU.Build.0 = Release|Any CPU
		{8F8AB894-66BE-47BC-BD30-76C9C7D2A1BD}.Release|ARM.ActiveCfg = Release|Any CPU
		{8F8AB894-66BE-47BC-BD30-76C9C7D2A1BD}.Release|ARM.Build.0 = Release|Any CPU
		{8F8AB894-66BE-47BC-BD30-76C9C7D2A1BD}.Release|iPhone.ActiveCfg = Release|Any CPU
		{8F8AB894-66BE-47BC-BD30-76C9C7D2A1BD}.Release|iPhone.Build.0 = Release|Any CPU
		{8F8AB894-66BE-47BC-BD30-76C9C7D2A1BD}.Release|iPhoneSimulator.ActiveCfg = Release|Any CPU
		{8F8AB894-66BE-47BC-BD30-76C9C7D2A1BD}.Release|iPhoneSimulator.Build.0 = Release|Any CPU
		{8F8AB894-66BE-47BC-BD30-76C9C7D2A1BD}.Release|x64.ActiveCfg = Release|Any CPU
		{8F8AB894-66BE-47BC-BD30-76C9C7D2A1BD}.Release|x64.Build.0 = Release|Any CPU
		{8F8AB894-66BE-47BC-BD30-76C9C7D2A1BD}.Release|x86.ActiveCfg = Release|Any CPU
		{8F8AB894-66BE-47BC-BD30-76C9C7D2A1BD}.Release|x86.Build.0 = Release|Any CPU
		{146BED19-64D9-408E-92EF-37FDBB6CBE47}.Ad-Hoc|Any CPU.ActiveCfg = Debug|Any CPU
		{146BED19-64D9-408E-92EF-37FDBB6CBE47}.Ad-Hoc|Any CPU.Build.0 = Debug|Any CPU
		{146BED19-64D9-408E-92EF-37FDBB6CBE47}.Ad-Hoc|ARM.ActiveCfg = Debug|Any CPU
		{146BED19-64D9-408E-92EF-37FDBB6CBE47}.Ad-Hoc|ARM.Build.0 = Debug|Any CPU
		{146BED19-64D9-408E-92EF-37FDBB6CBE47}.Ad-Hoc|iPhone.ActiveCfg = Debug|Any CPU
		{146BED19-64D9-408E-92EF-37FDBB6CBE47}.Ad-Hoc|iPhone.Build.0 = Debug|Any CPU
		{146BED19-64D9-408E-92EF-37FDBB6CBE47}.Ad-Hoc|iPhoneSimulator.ActiveCfg = Debug|Any CPU
		{146BED19-64D9-408E-92EF-37FDBB6CBE47}.Ad-Hoc|iPhoneSimulator.Build.0 = Debug|Any CPU
		{146BED19-64D9-408E-92EF-37FDBB6CBE47}.Ad-Hoc|x64.ActiveCfg = Debug|Any CPU
		{146BED19-64D9-408E-92EF-37FDBB6CBE47}.Ad-Hoc|x64.Build.0 = Debug|Any CPU
		{146BED19-64D9-408E-92EF-37FDBB6CBE47}.Ad-Hoc|x86.ActiveCfg = Debug|Any CPU
		{146BED19-64D9-408E-92EF-37FDBB6CBE47}.Ad-Hoc|x86.Build.0 = Debug|Any CPU
		{146BED19-64D9-408E-92EF-37FDBB6CBE47}.AppStore|Any CPU.ActiveCfg = Debug|Any CPU
		{146BED19-64D9-408E-92EF-37FDBB6CBE47}.AppStore|Any CPU.Build.0 = Debug|Any CPU
		{146BED19-64D9-408E-92EF-37FDBB6CBE47}.AppStore|ARM.ActiveCfg = Debug|Any CPU
		{146BED19-64D9-408E-92EF-37FDBB6CBE47}.AppStore|ARM.Build.0 = Debug|Any CPU
		{146BED19-64D9-408E-92EF-37FDBB6CBE47}.AppStore|iPhone.ActiveCfg = Debug|Any CPU
		{146BED19-64D9-408E-92EF-37FDBB6CBE47}.AppStore|iPhone.Build.0 = Debug|Any CPU
		{146BED19-64D9-408E-92EF-37FDBB6CBE47}.AppStore|iPhoneSimulator.ActiveCfg = Debug|Any CPU
		{146BED19-64D9-408E-92EF-37FDBB6CBE47}.AppStore|iPhoneSimulator.Build.0 = Debug|Any CPU
		{146BED19-64D9-408E-92EF-37FDBB6CBE47}.AppStore|x64.ActiveCfg = Debug|Any CPU
		{146BED19-64D9-408E-92EF-37FDBB6CBE47}.AppStore|x64.Build.0 = Debug|Any CPU
		{146BED19-64D9-408E-92EF-37FDBB6CBE47}.AppStore|x86.ActiveCfg = Debug|Any CPU
		{146BED19-64D9-408E-92EF-37FDBB6CBE47}.AppStore|x86.Build.0 = Debug|Any CPU
		{146BED19-64D9-408E-92EF-37FDBB6CBE47}.Debug|Any CPU.ActiveCfg = Debug|Any CPU
		{146BED19-64D9-408E-92EF-37FDBB6CBE47}.Debug|Any CPU.Build.0 = Debug|Any CPU
		{146BED19-64D9-408E-92EF-37FDBB6CBE47}.Debug|ARM.ActiveCfg = Debug|Any CPU
		{146BED19-64D9-408E-92EF-37FDBB6CBE47}.Debug|ARM.Build.0 = Debug|Any CPU
		{146BED19-64D9-408E-92EF-37FDBB6CBE47}.Debug|iPhone.ActiveCfg = Debug|Any CPU
		{146BED19-64D9-408E-92EF-37FDBB6CBE47}.Debug|iPhone.Build.0 = Debug|Any CPU
		{146BED19-64D9-408E-92EF-37FDBB6CBE47}.Debug|iPhoneSimulator.ActiveCfg = Debug|Any CPU
		{146BED19-64D9-408E-92EF-37FDBB6CBE47}.Debug|iPhoneSimulator.Build.0 = Debug|Any CPU
		{146BED19-64D9-408E-92EF-37FDBB6CBE47}.Debug|x64.ActiveCfg = Debug|Any CPU
		{146BED19-64D9-408E-92EF-37FDBB6CBE47}.Debug|x64.Build.0 = Debug|Any CPU
		{146BED19-64D9-408E-92EF-37FDBB6CBE47}.Debug|x86.ActiveCfg = Debug|Any CPU
		{146BED19-64D9-408E-92EF-37FDBB6CBE47}.Debug|x86.Build.0 = Debug|Any CPU
		{146BED19-64D9-408E-92EF-37FDBB6CBE47}.Release|Any CPU.ActiveCfg = Release|Any CPU
		{146BED19-64D9-408E-92EF-37FDBB6CBE47}.Release|Any CPU.Build.0 = Release|Any CPU
		{146BED19-64D9-408E-92EF-37FDBB6CBE47}.Release|ARM.ActiveCfg = Release|Any CPU
		{146BED19-64D9-408E-92EF-37FDBB6CBE47}.Release|ARM.Build.0 = Release|Any CPU
		{146BED19-64D9-408E-92EF-37FDBB6CBE47}.Release|iPhone.ActiveCfg = Release|Any CPU
		{146BED19-64D9-408E-92EF-37FDBB6CBE47}.Release|iPhone.Build.0 = Release|Any CPU
		{146BED19-64D9-408E-92EF-37FDBB6CBE47}.Release|iPhoneSimulator.ActiveCfg = Release|Any CPU
		{146BED19-64D9-408E-92EF-37FDBB6CBE47}.Release|iPhoneSimulator.Build.0 = Release|Any CPU
		{146BED19-64D9-408E-92EF-37FDBB6CBE47}.Release|x64.ActiveCfg = Release|Any CPU
		{146BED19-64D9-408E-92EF-37FDBB6CBE47}.Release|x64.Build.0 = Release|Any CPU
		{146BED19-64D9-408E-92EF-37FDBB6CBE47}.Release|x86.ActiveCfg = Release|Any CPU
		{146BED19-64D9-408E-92EF-37FDBB6CBE47}.Release|x86.Build.0 = Release|Any CPU
		{9429492F-4303-4144-88B8-E58E6336F4B1}.Ad-Hoc|Any CPU.ActiveCfg = Debug|Any CPU
		{9429492F-4303-4144-88B8-E58E6336F4B1}.Ad-Hoc|Any CPU.Build.0 = Debug|Any CPU
		{9429492F-4303-4144-88B8-E58E6336F4B1}.Ad-Hoc|ARM.ActiveCfg = Debug|Any CPU
		{9429492F-4303-4144-88B8-E58E6336F4B1}.Ad-Hoc|ARM.Build.0 = Debug|Any CPU
		{9429492F-4303-4144-88B8-E58E6336F4B1}.Ad-Hoc|iPhone.ActiveCfg = Debug|Any CPU
		{9429492F-4303-4144-88B8-E58E6336F4B1}.Ad-Hoc|iPhone.Build.0 = Debug|Any CPU
		{9429492F-4303-4144-88B8-E58E6336F4B1}.Ad-Hoc|iPhoneSimulator.ActiveCfg = Debug|Any CPU
		{9429492F-4303-4144-88B8-E58E6336F4B1}.Ad-Hoc|iPhoneSimulator.Build.0 = Debug|Any CPU
		{9429492F-4303-4144-88B8-E58E6336F4B1}.Ad-Hoc|x64.ActiveCfg = Debug|Any CPU
		{9429492F-4303-4144-88B8-E58E6336F4B1}.Ad-Hoc|x64.Build.0 = Debug|Any CPU
		{9429492F-4303-4144-88B8-E58E6336F4B1}.Ad-Hoc|x86.ActiveCfg = Debug|Any CPU
		{9429492F-4303-4144-88B8-E58E6336F4B1}.Ad-Hoc|x86.Build.0 = Debug|Any CPU
		{9429492F-4303-4144-88B8-E58E6336F4B1}.AppStore|Any CPU.ActiveCfg = Debug|Any CPU
		{9429492F-4303-4144-88B8-E58E6336F4B1}.AppStore|Any CPU.Build.0 = Debug|Any CPU
		{9429492F-4303-4144-88B8-E58E6336F4B1}.AppStore|ARM.ActiveCfg = Debug|Any CPU
		{9429492F-4303-4144-88B8-E58E6336F4B1}.AppStore|ARM.Build.0 = Debug|Any CPU
		{9429492F-4303-4144-88B8-E58E6336F4B1}.AppStore|iPhone.ActiveCfg = Debug|Any CPU
		{9429492F-4303-4144-88B8-E58E6336F4B1}.AppStore|iPhone.Build.0 = Debug|Any CPU
		{9429492F-4303-4144-88B8-E58E6336F4B1}.AppStore|iPhoneSimulator.ActiveCfg = Debug|Any CPU
		{9429492F-4303-4144-88B8-E58E6336F4B1}.AppStore|iPhoneSimulator.Build.0 = Debug|Any CPU
		{9429492F-4303-4144-88B8-E58E6336F4B1}.AppStore|x64.ActiveCfg = Debug|Any CPU
		{9429492F-4303-4144-88B8-E58E6336F4B1}.AppStore|x64.Build.0 = Debug|Any CPU
		{9429492F-4303-4144-88B8-E58E6336F4B1}.AppStore|x86.ActiveCfg = Debug|Any CPU
		{9429492F-4303-4144-88B8-E58E6336F4B1}.AppStore|x86.Build.0 = Debug|Any CPU
		{9429492F-4303-4144-88B8-E58E6336F4B1}.Debug|Any CPU.ActiveCfg = Debug|Any CPU
		{9429492F-4303-4144-88B8-E58E6336F4B1}.Debug|Any CPU.Build.0 = Debug|Any CPU
		{9429492F-4303-4144-88B8-E58E6336F4B1}.Debug|ARM.ActiveCfg = Debug|Any CPU
		{9429492F-4303-4144-88B8-E58E6336F4B1}.Debug|ARM.Build.0 = Debug|Any CPU
		{9429492F-4303-4144-88B8-E58E6336F4B1}.Debug|iPhone.ActiveCfg = Debug|Any CPU
		{9429492F-4303-4144-88B8-E58E6336F4B1}.Debug|iPhone.Build.0 = Debug|Any CPU
		{9429492F-4303-4144-88B8-E58E6336F4B1}.Debug|iPhoneSimulator.ActiveCfg = Debug|Any CPU
		{9429492F-4303-4144-88B8-E58E6336F4B1}.Debug|iPhoneSimulator.Build.0 = Debug|Any CPU
		{9429492F-4303-4144-88B8-E58E6336F4B1}.Debug|x64.ActiveCfg = Debug|Any CPU
		{9429492F-4303-4144-88B8-E58E6336F4B1}.Debug|x64.Build.0 = Debug|Any CPU
		{9429492F-4303-4144-88B8-E58E6336F4B1}.Debug|x86.ActiveCfg = Debug|Any CPU
		{9429492F-4303-4144-88B8-E58E6336F4B1}.Debug|x86.Build.0 = Debug|Any CPU
		{9429492F-4303-4144-88B8-E58E6336F4B1}.Release|Any CPU.ActiveCfg = Release|Any CPU
		{9429492F-4303-4144-88B8-E58E6336F4B1}.Release|Any CPU.Build.0 = Release|Any CPU
		{9429492F-4303-4144-88B8-E58E6336F4B1}.Release|ARM.ActiveCfg = Release|Any CPU
		{9429492F-4303-4144-88B8-E58E6336F4B1}.Release|ARM.Build.0 = Release|Any CPU
		{9429492F-4303-4144-88B8-E58E6336F4B1}.Release|iPhone.ActiveCfg = Release|Any CPU
		{9429492F-4303-4144-88B8-E58E6336F4B1}.Release|iPhone.Build.0 = Release|Any CPU
		{9429492F-4303-4144-88B8-E58E6336F4B1}.Release|iPhoneSimulator.ActiveCfg = Release|Any CPU
		{9429492F-4303-4144-88B8-E58E6336F4B1}.Release|iPhoneSimulator.Build.0 = Release|Any CPU
		{9429492F-4303-4144-88B8-E58E6336F4B1}.Release|x64.ActiveCfg = Release|Any CPU
		{9429492F-4303-4144-88B8-E58E6336F4B1}.Release|x64.Build.0 = Release|Any CPU
		{9429492F-4303-4144-88B8-E58E6336F4B1}.Release|x86.ActiveCfg = Release|Any CPU
		{9429492F-4303-4144-88B8-E58E6336F4B1}.Release|x86.Build.0 = Release|Any CPU
	EndGlobalSection
	GlobalSection(SolutionProperties) = preSolution
		HideSolutionNode = FALSE
	EndGlobalSection
	GlobalSection(NestedProjects) = preSolution
		{146BED19-64D9-408E-92EF-37FDBB6CBE47} = {79839498-6EF2-4316-B541-5FB62EB5AF00}
		{9429492F-4303-4144-88B8-E58E6336F4B1} = {79839498-6EF2-4316-B541-5FB62EB5AF00}
	EndGlobalSection
	GlobalSection(ExtensibilityGlobals) = postSolution
		SolutionGuid = {877F0467-E083-4A3B-8970-7D3D196E31B6}
	EndGlobalSection
EndGlobal
